// !$*UTF8*$!
{
	archiveVersion = 1;
	classes = {
	};
	objectVersion = 77;
	objects = {

/* Begin PBXBuildFile section */
		C49BE1F430396E17001745AC /* SPAJAM2026WatchApp Watch App.app in Embed Watch Content */ = {isa = PBXBuildFile; fileRef = C49BE1D430396E11001745AC /* SPAJAM2026WatchApp Watch App.app */; settings = {ATTRIBUTES = (RemoveHeadersOnCopy, ); }; };
		D0DA0000000000000000000C /* SPAJAM2026Watch.app in Embed Watch Content */ = {isa = PBXBuildFile; fileRef = D0DA00000000000000000002 /* SPAJAM2026Watch.app */; settings = {ATTRIBUTES = (RemoveHeadersOnCopy, ); }; };
		D0DA0000000000000000001C /* TripActivityWidget.appex in Embed Foundation Extensions */ = {isa = PBXBuildFile; fileRef = D0DA00000000000000000012 /* TripActivityWidget.appex */; settings = {ATTRIBUTES = (RemoveHeadersOnCopy, ); }; };
		LA0000000000000000000E /* SPAJAM2026AppWidgets.appex in Embed Foundation Extensions */ = {isa = PBXBuildFile; fileRef = LA00000000000000000001 /* SPAJAM2026AppWidgets.appex */; settings = {ATTRIBUTES = (RemoveHeadersOnCopy, ); }; };
/* End PBXBuildFile section */

/* Begin PBXContainerItemProxy section */
		C46926383038830A0067188C /* PBXContainerItemProxy */ = {
			isa = PBXContainerItemProxy;
			containerPortal = C4692622303883090067188C /* Project object */;
			proxyType = 1;
			remoteGlobalIDString = C4692629303883090067188C;
			remoteInfo = SPAJAM2026App;
		};
		C46926423038830A0067188C /* PBXContainerItemProxy */ = {
			isa = PBXContainerItemProxy;
			containerPortal = C4692622303883090067188C /* Project object */;
			proxyType = 1;
			remoteGlobalIDString = C4692629303883090067188C;
			remoteInfo = SPAJAM2026App;
		};
		C49BE1E130396E17001745AC /* PBXContainerItemProxy */ = {
			isa = PBXContainerItemProxy;
			containerPortal = C4692622303883090067188C /* Project object */;
			proxyType = 1;
			remoteGlobalIDString = C49BE1D330396E11001745AC;
			remoteInfo = "SPAJAM2026WatchApp Watch App";
		};
		C49BE1EB30396E17001745AC /* PBXContainerItemProxy */ = {
			isa = PBXContainerItemProxy;
			containerPortal = C4692622303883090067188C /* Project object */;
			proxyType = 1;
			remoteGlobalIDString = C49BE1D330396E11001745AC;
			remoteInfo = "SPAJAM2026WatchApp Watch App";
		};
		C49BE1F230396E17001745AC /* PBXContainerItemProxy */ = {
			isa = PBXContainerItemProxy;
			containerPortal = C4692622303883090067188C /* Project object */;
			proxyType = 1;
			remoteGlobalIDString = C49BE1D330396E11001745AC;
			remoteInfo = "SPAJAM2026WatchApp Watch App";
		};
		D0DA0000000000000000000D /* PBXContainerItemProxy */ = {
			isa = PBXContainerItemProxy;
			containerPortal = C4692622303883090067188C /* Project object */;
			proxyType = 1;
			remoteGlobalIDString = D0DA00000000000000000001;
			remoteInfo = SPAJAM2026Watch;
		};
		D0DA0000000000000000001D /* PBXContainerItemProxy */ = {
			isa = PBXContainerItemProxy;
			containerPortal = C4692622303883090067188C /* Project object */;
			proxyType = 1;
			remoteGlobalIDString = D0DA00000000000000000011;
			remoteInfo = TripActivityWidget;
		};
		LA0000000000000000000B /* PBXContainerItemProxy */ = {
			isa = PBXContainerItemProxy;
			containerPortal = C4692622303883090067188C /* Project object */;
			proxyType = 1;
			remoteGlobalIDString = LA00000000000000000004;
			remoteInfo = SPAJAM2026AppWidgets;
		};
/* End PBXContainerItemProxy section */

/* Begin PBXCopyFilesBuildPhase section */
		C49BE1F530396E17001745AC /* Embed Watch Content */ = {
			isa = PBXCopyFilesBuildPhase;
			buildActionMask = 2147483647;
			dstPath = "$(CONTENTS_FOLDER_PATH)/Watch";
			dstSubfolderSpec = 16;
			files = (
				C49BE1F430396E17001745AC /* SPAJAM2026WatchApp Watch App.app in Embed Watch Content */,
			);
			name = "Embed Watch Content";
			runOnlyForDeploymentPostprocessing = 0;
		};
		D0DA0000000000000000000B /* Embed Watch Content */ = {
			isa = PBXCopyFilesBuildPhase;
			buildActionMask = 2147483647;
			dstPath = "$(CONTENTS_FOLDER_PATH)/Watch";
			dstSubfolderSpec = 16;
			files = (
				D0DA0000000000000000000C /* SPAJAM2026Watch.app in Embed Watch Content */,
			);
			name = "Embed Watch Content";
			runOnlyForDeploymentPostprocessing = 0;
		};
		D0DA0000000000000000001B /* Embed Foundation Extensions */ = {
			isa = PBXCopyFilesBuildPhase;
			buildActionMask = 2147483647;
			dstPath = "";
			dstSubfolderSpec = 13;
			files = (
				D0DA0000000000000000001C /* TripActivityWidget.appex in Embed Foundation Extensions */,
			);
			name = "Embed Foundation Extensions";
			runOnlyForDeploymentPostprocessing = 0;
		};
		LA0000000000000000000D /* Embed Foundation Extensions */ = {
			isa = PBXCopyFilesBuildPhase;
			buildActionMask = 2147483647;
			dstPath = "";
			dstSubfolderSpec = 13;
			files = (
				LA0000000000000000000E /* SPAJAM2026AppWidgets.appex in Embed Foundation Extensions */,
			);
			name = "Embed Foundation Extensions";
			runOnlyForDeploymentPostprocessing = 0;
		};
/* End PBXCopyFilesBuildPhase section */

/* Begin PBXFileReference section */
		C469262A303883090067188C /* SPAJAM2026App.app */ = {isa = PBXFileReference; explicitFileType = wrapper.application; includeInIndex = 0; path = SPAJAM2026App.app; sourceTree = BUILT_PRODUCTS_DIR; };
		C46926373038830A0067188C /* SPAJAM2026AppTests.xctest */ = {isa = PBXFileReference; explicitFileType = wrapper.cfbundle; includeInIndex = 0; path = SPAJAM2026AppTests.xctest; sourceTree = BUILT_PRODUCTS_DIR; };
		C46926413038830A0067188C /* SPAJAM2026AppUITests.xctest */ = {isa = PBXFileReference; explicitFileType = wrapper.cfbundle; includeInIndex = 0; path = SPAJAM2026AppUITests.xctest; sourceTree = BUILT_PRODUCTS_DIR; };
		C49BE1D430396E11001745AC /* SPAJAM2026WatchApp Watch App.app */ = {isa = PBXFileReference; explicitFileType = wrapper.application; includeInIndex = 0; path = "SPAJAM2026WatchApp Watch App.app"; sourceTree = BUILT_PRODUCTS_DIR; };
		C49BE1E030396E17001745AC /* SPAJAM2026WatchApp Watch AppTests.xctest */ = {isa = PBXFileReference; explicitFileType = wrapper.cfbundle; includeInIndex = 0; path = "SPAJAM2026WatchApp Watch AppTests.xctest"; sourceTree = BUILT_PRODUCTS_DIR; };
		C49BE1EA30396E17001745AC /* SPAJAM2026WatchApp Watch AppUITests.xctest */ = {isa = PBXFileReference; explicitFileType = wrapper.cfbundle; includeInIndex = 0; path = "SPAJAM2026WatchApp Watch AppUITests.xctest"; sourceTree = BUILT_PRODUCTS_DIR; };
		D0DA00000000000000000002 /* SPAJAM2026Watch.app */ = {isa = PBXFileReference; explicitFileType = wrapper.application; includeInIndex = 0; path = SPAJAM2026Watch.app; sourceTree = BUILT_PRODUCTS_DIR; };
		D0DA00000000000000000012 /* TripActivityWidget.appex */ = {isa = PBXFileReference; explicitFileType = "wrapper.app-extension"; includeInIndex = 0; path = TripActivityWidget.appex; sourceTree = BUILT_PRODUCTS_DIR; };
		LA00000000000000000001 /* SPAJAM2026AppWidgets.appex */ = {isa = PBXFileReference; explicitFileType = "wrapper.app-extension"; includeInIndex = 0; path = SPAJAM2026AppWidgets.appex; sourceTree = BUILT_PRODUCTS_DIR; };
/* End PBXFileReference section */

/* Begin PBXFileSystemSynchronizedBuildFileExceptionSet section */
		C469262C303883090067188D /* Exceptions for "SPAJAM2026App" folder in "SPAJAM2026App" target */ = {
			isa = PBXFileSystemSynchronizedBuildFileExceptionSet;
			membershipExceptions = (
				Info.plist,
			);
			target = C4692629303883090067188C /* SPAJAM2026App */;
		};
		C4A1B2C3D4E5F60718293A4C /* Exceptions for "SPAJAM2026WatchApp Watch App" folder in "SPAJAM2026WatchApp Watch App" target */ = {
			isa = PBXFileSystemSynchronizedBuildFileExceptionSet;
			membershipExceptions = (
				Info.plist,
			);
			target = C49BE1D330396E11001745AC /* SPAJAM2026WatchApp Watch App */;
		};
		D0DA00000000000000000004 /* Exceptions for "SPAJAM2026Watch" folder in "SPAJAM2026Watch" target */ = {
			isa = PBXFileSystemSynchronizedBuildFileExceptionSet;
			membershipExceptions = (
				Info.plist,
			);
			target = D0DA00000000000000000001 /* SPAJAM2026Watch */;
		};
		D0DA00000000000000000014 /* Exceptions for "TripActivityWidget" folder in "TripActivityWidget" target */ = {
			isa = PBXFileSystemSynchronizedBuildFileExceptionSet;
			membershipExceptions = (
				Info.plist,
			);
			target = D0DA00000000000000000011 /* TripActivityWidget */;
		};
		LA0000000000000000000F /* Exceptions for "SPAJAM2026AppWidgets" folder in "SPAJAM2026AppWidgets" target */ = {
			isa = PBXFileSystemSynchronizedBuildFileExceptionSet;
			membershipExceptions = (
				Info.plist,
			);
			target = LA00000000000000000004 /* SPAJAM2026AppWidgets */;
		};
/* End PBXFileSystemSynchronizedBuildFileExceptionSet section */

/* Begin PBXFileSystemSynchronizedRootGroup section */
		C469262C303883090067188C /* SPAJAM2026App */ = {
			isa = PBXFileSystemSynchronizedRootGroup;
			exceptions = (
				C469262C303883090067188D /* Exceptions for "SPAJAM2026App" folder in "SPAJAM2026App" target */,
			);
			path = SPAJAM2026App;
			sourceTree = "<group>";
		};
		C469263A3038830A0067188C /* SPAJAM2026AppTests */ = {
			isa = PBXFileSystemSynchronizedRootGroup;
			path = SPAJAM2026AppTests;
			sourceTree = "<group>";
		};
		C46926443038830A0067188C /* SPAJAM2026AppUITests */ = {
			isa = PBXFileSystemSynchronizedRootGroup;
			path = SPAJAM2026AppUITests;
			sourceTree = "<group>";
		};
		C49BE1D530396E11001745AC /* SPAJAM2026WatchApp Watch App */ = {
			isa = PBXFileSystemSynchronizedRootGroup;
			exceptions = (
				C4A1B2C3D4E5F60718293A4C /* Exceptions for "SPAJAM2026WatchApp Watch App" folder in "SPAJAM2026WatchApp Watch App" target */,
			);
			path = "SPAJAM2026WatchApp Watch App";
			sourceTree = "<group>";
		};
		C49BE1E330396E17001745AC /* SPAJAM2026WatchApp Watch AppTests */ = {
			isa = PBXFileSystemSynchronizedRootGroup;
			path = "SPAJAM2026WatchApp Watch AppTests";
			sourceTree = "<group>";
		};
		C49BE1ED30396E17001745AC /* SPAJAM2026WatchApp Watch AppUITests */ = {
			isa = PBXFileSystemSynchronizedRootGroup;
			path = "SPAJAM2026WatchApp Watch AppUITests";
			sourceTree = "<group>";
		};
		D0DA00000000000000000003 /* SPAJAM2026Watch */ = {
			isa = PBXFileSystemSynchronizedRootGroup;
			exceptions = (
				D0DA00000000000000000004 /* Exceptions for "SPAJAM2026Watch" folder in "SPAJAM2026Watch" target */,
			);
			path = SPAJAM2026Watch;
			sourceTree = "<group>";
		};
		D0DA00000000000000000013 /* TripActivityWidget */ = {
			isa = PBXFileSystemSynchronizedRootGroup;
			exceptions = (
				D0DA00000000000000000014 /* Exceptions for "TripActivityWidget" folder in "TripActivityWidget" target */,
			);
			path = TripActivityWidget;
			sourceTree = "<group>";
		};
		D0DA00000000000000000020 /* Shared */ = {
			isa = PBXFileSystemSynchronizedRootGroup;
			path = Shared;
			sourceTree = "<group>";
		};
		LA00000000000000000002 /* SPAJAM2026AppWidgets */ = {
			isa = PBXFileSystemSynchronizedRootGroup;
			exceptions = (
				LA0000000000000000000F /* Exceptions for "SPAJAM2026AppWidgets" folder in "SPAJAM2026AppWidgets" target */,
			);
			path = SPAJAM2026AppWidgets;
			sourceTree = "<group>";
		};
		LA00000000000000000003 /* SPAJAM2026AppShared */ = {
			isa = PBXFileSystemSynchronizedRootGroup;
			path = SPAJAM2026AppShared;
			sourceTree = "<group>";
		};
/* End PBXFileSystemSynchronizedRootGroup section */

/* Begin PBXFrameworksBuildPhase section */
		C4692627303883090067188C /* Frameworks */ = {
			isa = PBXFrameworksBuildPhase;
			buildActionMask = 2147483647;
			files = (
			);
			runOnlyForDeploymentPostprocessing = 0;
		};
		C46926343038830A0067188C /* Frameworks */ = {
			isa = PBXFrameworksBuildPhase;
			buildActionMask = 2147483647;
			files = (
			);
			runOnlyForDeploymentPostprocessing = 0;
		};
		C469263E3038830A0067188C /* Frameworks */ = {
			isa = PBXFrameworksBuildPhase;
			buildActionMask = 2147483647;
			files = (
			);
			runOnlyForDeploymentPostprocessing = 0;
		};
		C49BE1D130396E11001745AC /* Frameworks */ = {
			isa = PBXFrameworksBuildPhase;
			buildActionMask = 2147483647;
			files = (
			);
			runOnlyForDeploymentPostprocessing = 0;
		};
		C49BE1DD30396E17001745AC /* Frameworks */ = {
			isa = PBXFrameworksBuildPhase;
			buildActionMask = 2147483647;
			files = (
			);
			runOnlyForDeploymentPostprocessing = 0;
		};
		C49BE1E730396E17001745AC /* Frameworks */ = {
			isa = PBXFrameworksBuildPhase;
			buildActionMask = 2147483647;
			files = (
			);
			runOnlyForDeploymentPostprocessing = 0;
		};
		D0DA00000000000000000009 /* Frameworks */ = {
			isa = PBXFrameworksBuildPhase;
			buildActionMask = 2147483647;
			files = (
			);
			runOnlyForDeploymentPostprocessing = 0;
		};
		D0DA00000000000000000019 /* Frameworks */ = {
			isa = PBXFrameworksBuildPhase;
			buildActionMask = 2147483647;
			files = (
			);
			runOnlyForDeploymentPostprocessing = 0;
		};
		LA00000000000000000006 /* Frameworks */ = {
			isa = PBXFrameworksBuildPhase;
			buildActionMask = 2147483647;
			files = (
			);
			runOnlyForDeploymentPostprocessing = 0;
		};
/* End PBXFrameworksBuildPhase section */

/* Begin PBXGroup section */
		C4692621303883090067188C = {
			isa = PBXGroup;
			children = (
				C469262C303883090067188C /* SPAJAM2026App */,
				D0DA00000000000000000020 /* Shared */,
				D0DA00000000000000000003 /* SPAJAM2026Watch */,
				D0DA00000000000000000013 /* TripActivityWidget */,
				C469263A3038830A0067188C /* SPAJAM2026AppTests */,
				C46926443038830A0067188C /* SPAJAM2026AppUITests */,
				LA00000000000000000003 /* SPAJAM2026AppShared */,
				LA00000000000000000002 /* SPAJAM2026AppWidgets */,
				C49BE1D530396E11001745AC /* SPAJAM2026WatchApp Watch App */,
				C49BE1E330396E17001745AC /* SPAJAM2026WatchApp Watch AppTests */,
				C49BE1ED30396E17001745AC /* SPAJAM2026WatchApp Watch AppUITests */,
				D0DA00000000000000000020 /* Shared */,
				C469262B303883090067188C /* Products */,
			);
			sourceTree = "<group>";
		};
		C469262B303883090067188C /* Products */ = {
			isa = PBXGroup;
			children = (
				C469262A303883090067188C /* SPAJAM2026App.app */,
				D0DA00000000000000000002 /* SPAJAM2026Watch.app */,
				D0DA00000000000000000012 /* TripActivityWidget.appex */,
				C46926373038830A0067188C /* SPAJAM2026AppTests.xctest */,
				C46926413038830A0067188C /* SPAJAM2026AppUITests.xctest */,
				LA00000000000000000001 /* SPAJAM2026AppWidgets.appex */,
				C49BE1D430396E11001745AC /* SPAJAM2026WatchApp Watch App.app */,
				C49BE1E030396E17001745AC /* SPAJAM2026WatchApp Watch AppTests.xctest */,
				C49BE1EA30396E17001745AC /* SPAJAM2026WatchApp Watch AppUITests.xctest */,
			);
			name = Products;
			sourceTree = "<group>";
		};
/* End PBXGroup section */

/* Begin PBXNativeTarget section */
		C4692629303883090067188C /* SPAJAM2026App */ = {
			isa = PBXNativeTarget;
			buildConfigurationList = C469264B3038830A0067188C /* Build configuration list for PBXNativeTarget "SPAJAM2026App" */;
			buildPhases = (
				C4692626303883090067188C /* Sources */,
				C4692627303883090067188C /* Frameworks */,
				C4692628303883090067188C /* Resources */,
				D0DA0000000000000000000B /* Embed Watch Content */,
				D0DA0000000000000000001B /* Embed Foundation Extensions */,
				LA0000000000000000000D /* Embed Foundation Extensions */,
				C49BE1F530396E17001745AC /* Embed Watch Content */,
			);
			buildRules = (
			);
			dependencies = (
				D0DA0000000000000000000E /* PBXTargetDependency */,
				D0DA0000000000000000001E /* PBXTargetDependency */,
				LA0000000000000000000C /* PBXTargetDependency */,
				C49BE1F330396E17001745AC /* PBXTargetDependency */,
			);
			fileSystemSynchronizedGroups = (
				C469262C303883090067188C /* SPAJAM2026App */,
				D0DA00000000000000000020 /* Shared */,
				LA00000000000000000003 /* SPAJAM2026AppShared */,
			);
			name = SPAJAM2026App;
			packageProductDependencies = (
			);
			productName = SPAJAM2026App;
			productReference = C469262A303883090067188C /* SPAJAM2026App.app */;
			productType = "com.apple.product-type.application";
		};
		C46926363038830A0067188C /* SPAJAM2026AppTests */ = {
			isa = PBXNativeTarget;
			buildConfigurationList = C469264E3038830A0067188C /* Build configuration list for PBXNativeTarget "SPAJAM2026AppTests" */;
			buildPhases = (
				C46926333038830A0067188C /* Sources */,
				C46926343038830A0067188C /* Frameworks */,
				C46926353038830A0067188C /* Resources */,
			);
			buildRules = (
			);
			dependencies = (
				C46926393038830A0067188C /* PBXTargetDependency */,
			);
			fileSystemSynchronizedGroups = (
				C469263A3038830A0067188C /* SPAJAM2026AppTests */,
			);
			name = SPAJAM2026AppTests;
			packageProductDependencies = (
			);
			productName = SPAJAM2026AppTests;
			productReference = C46926373038830A0067188C /* SPAJAM2026AppTests.xctest */;
			productType = "com.apple.product-type.bundle.unit-test";
		};
		C46926403038830A0067188C /* SPAJAM2026AppUITests */ = {
			isa = PBXNativeTarget;
			buildConfigurationList = C46926513038830A0067188C /* Build configuration list for PBXNativeTarget "SPAJAM2026AppUITests" */;
			buildPhases = (
				C469263D3038830A0067188C /* Sources */,
				C469263E3038830A0067188C /* Frameworks */,
				C469263F3038830A0067188C /* Resources */,
			);
			buildRules = (
			);
			dependencies = (
				C46926433038830A0067188C /* PBXTargetDependency */,
			);
			fileSystemSynchronizedGroups = (
				C46926443038830A0067188C /* SPAJAM2026AppUITests */,
			);
			name = SPAJAM2026AppUITests;
			packageProductDependencies = (
			);
			productName = SPAJAM2026AppUITests;
			productReference = C46926413038830A0067188C /* SPAJAM2026AppUITests.xctest */;
			productType = "com.apple.product-type.bundle.ui-testing";
		};
		C49BE1D330396E11001745AC /* SPAJAM2026WatchApp Watch App */ = {
			isa = PBXNativeTarget;
			buildConfigurationList = C49BE1FC30396E17001745AC /* Build configuration list for PBXNativeTarget "SPAJAM2026WatchApp Watch App" */;
			buildPhases = (
				C49BE1D030396E11001745AC /* Sources */,
				C49BE1D130396E11001745AC /* Frameworks */,
				C49BE1D230396E11001745AC /* Resources */,
			);
			buildRules = (
			);
			dependencies = (
			);
			fileSystemSynchronizedGroups = (
				C49BE1D530396E11001745AC /* SPAJAM2026WatchApp Watch App */,
				D0DA00000000000000000020 /* Shared */,
			);
			name = "SPAJAM2026WatchApp Watch App";
			packageProductDependencies = (
			);
			productName = "SPAJAM2026WatchApp Watch App";
			productReference = C49BE1D430396E11001745AC /* SPAJAM2026WatchApp Watch App.app */;
			productType = "com.apple.product-type.application";
		};
		C49BE1DF30396E17001745AC /* SPAJAM2026WatchApp Watch AppTests */ = {
			isa = PBXNativeTarget;
			buildConfigurationList = C49BE1FD30396E17001745AC /* Build configuration list for PBXNativeTarget "SPAJAM2026WatchApp Watch AppTests" */;
			buildPhases = (
				C49BE1DC30396E17001745AC /* Sources */,
				C49BE1DD30396E17001745AC /* Frameworks */,
				C49BE1DE30396E17001745AC /* Resources */,
			);
			buildRules = (
			);
			dependencies = (
				C49BE1E230396E17001745AC /* PBXTargetDependency */,
			);
			fileSystemSynchronizedGroups = (
				C49BE1E330396E17001745AC /* SPAJAM2026WatchApp Watch AppTests */,
			);
			name = "SPAJAM2026WatchApp Watch AppTests";
			packageProductDependencies = (
			);
			productName = "SPAJAM2026WatchApp Watch AppTests";
			productReference = C49BE1E030396E17001745AC /* SPAJAM2026WatchApp Watch AppTests.xctest */;
			productType = "com.apple.product-type.bundle.unit-test";
		};
		C49BE1E930396E17001745AC /* SPAJAM2026WatchApp Watch AppUITests */ = {
			isa = PBXNativeTarget;
			buildConfigurationList = C49BE1FE30396E17001745AC /* Build configuration list for PBXNativeTarget "SPAJAM2026WatchApp Watch AppUITests" */;
			buildPhases = (
				C49BE1E630396E17001745AC /* Sources */,
				C49BE1E730396E17001745AC /* Frameworks */,
				C49BE1E830396E17001745AC /* Resources */,
			);
			buildRules = (
			);
			dependencies = (
				C49BE1EC30396E17001745AC /* PBXTargetDependency */,
			);
			fileSystemSynchronizedGroups = (
				C49BE1ED30396E17001745AC /* SPAJAM2026WatchApp Watch AppUITests */,
			);
			name = "SPAJAM2026WatchApp Watch AppUITests";
			packageProductDependencies = (
			);
			productName = "SPAJAM2026WatchApp Watch AppUITests";
			productReference = C49BE1EA30396E17001745AC /* SPAJAM2026WatchApp Watch AppUITests.xctest */;
			productType = "com.apple.product-type.bundle.ui-testing";
		};
		D0DA00000000000000000001 /* SPAJAM2026Watch */ = {
			isa = PBXNativeTarget;
			buildConfigurationList = D0DA00000000000000000005 /* Build configuration list for PBXNativeTarget "SPAJAM2026Watch" */;
			buildPhases = (
				D0DA00000000000000000008 /* Sources */,
				D0DA00000000000000000009 /* Frameworks */,
				D0DA0000000000000000000A /* Resources */,
			);
			buildRules = (
			);
			dependencies = (
			);
			fileSystemSynchronizedGroups = (
				D0DA00000000000000000003 /* SPAJAM2026Watch */,
				D0DA00000000000000000020 /* Shared */,
			);
			name = SPAJAM2026Watch;
			packageProductDependencies = (
			);
			productName = SPAJAM2026Watch;
			productReference = D0DA00000000000000000002 /* SPAJAM2026Watch.app */;
			productType = "com.apple.product-type.application";
		};
		D0DA00000000000000000011 /* TripActivityWidget */ = {
			isa = PBXNativeTarget;
			buildConfigurationList = D0DA00000000000000000015 /* Build configuration list for PBXNativeTarget "TripActivityWidget" */;
			buildPhases = (
				D0DA00000000000000000018 /* Sources */,
				D0DA00000000000000000019 /* Frameworks */,
				D0DA0000000000000000001A /* Resources */,
			);
			buildRules = (
			);
			dependencies = (
			);
			fileSystemSynchronizedGroups = (
				D0DA00000000000000000013 /* TripActivityWidget */,
				D0DA00000000000000000020 /* Shared */,
			);
			name = TripActivityWidget;
			packageProductDependencies = (
			);
			productName = TripActivityWidget;
			productReference = D0DA00000000000000000012 /* TripActivityWidget.appex */;
			productType = "com.apple.product-type.app-extension";
		};
		LA00000000000000000004 /* SPAJAM2026AppWidgets */ = {
			isa = PBXNativeTarget;
			buildConfigurationList = LA00000000000000000008 /* Build configuration list for PBXNativeTarget "SPAJAM2026AppWidgets" */;
			buildPhases = (
				LA00000000000000000005 /* Sources */,
				LA00000000000000000006 /* Frameworks */,
				LA00000000000000000007 /* Resources */,
			);
			buildRules = (
			);
			dependencies = (
			);
			fileSystemSynchronizedGroups = (
				LA00000000000000000002 /* SPAJAM2026AppWidgets */,
				LA00000000000000000003 /* SPAJAM2026AppShared */,
			);
			name = SPAJAM2026AppWidgets;
			packageProductDependencies = (
			);
			productName = SPAJAM2026AppWidgets;
			productReference = LA00000000000000000001 /* SPAJAM2026AppWidgets.appex */;
			productType = "com.apple.product-type.app-extension";
		};
/* End PBXNativeTarget section */

/* Begin PBXProject section */
		C4692622303883090067188C /* Project object */ = {
			isa = PBXProject;
			attributes = {
				BuildIndependentTargetsInParallel = 1;
				LastSwiftUpdateCheck = 2660;
				LastUpgradeCheck = 2660;
				TargetAttributes = {
					C4692629303883090067188C = {
						CreatedOnToolsVersion = 26.6;
					};
					C46926363038830A0067188C = {
						CreatedOnToolsVersion = 26.6;
						TestTargetID = C4692629303883090067188C;
					};
					C46926403038830A0067188C = {
						CreatedOnToolsVersion = 26.6;
						TestTargetID = C4692629303883090067188C;
					};
					C49BE1D330396E11001745AC = {
						CreatedOnToolsVersion = 26.6;
					};
					C49BE1DF30396E17001745AC = {
						CreatedOnToolsVersion = 26.6;
						TestTargetID = C49BE1D330396E11001745AC;
					};
					C49BE1E930396E17001745AC = {
						CreatedOnToolsVersion = 26.6;
						TestTargetID = C49BE1D330396E11001745AC;
					};
					LA00000000000000000004 = {
						CreatedOnToolsVersion = 26.6;
					};
					D0DA00000000000000000001 = {
						CreatedOnToolsVersion = 26.6;
					};
					D0DA00000000000000000011 = {
						CreatedOnToolsVersion = 26.6;
					};
				};
			};
			buildConfigurationList = C4692625303883090067188C /* Build configuration list for PBXProject "SPAJAM2026App" */;
			developmentRegion = en;
			hasScannedForEncodings = 0;
			knownRegions = (
				en,
				Base,
			);
			mainGroup = C4692621303883090067188C;
			minimizedProjectReferenceProxies = 1;
			preferredProjectObjectVersion = 77;
			productRefGroup = C469262B303883090067188C /* Products */;
			projectDirPath = "";
			projectRoot = "";
			targets = (
				C4692629303883090067188C /* SPAJAM2026App */,
				D0DA00000000000000000001 /* SPAJAM2026Watch */,
				D0DA00000000000000000011 /* TripActivityWidget */,
				C46926363038830A0067188C /* SPAJAM2026AppTests */,
				C46926403038830A0067188C /* SPAJAM2026AppUITests */,
				LA00000000000000000004 /* SPAJAM2026AppWidgets */,
				C49BE1D330396E11001745AC /* SPAJAM2026WatchApp Watch App */,
				C49BE1DF30396E17001745AC /* SPAJAM2026WatchApp Watch AppTests */,
				C49BE1E930396E17001745AC /* SPAJAM2026WatchApp Watch AppUITests */,
			);
		};
/* End PBXProject section */

/* Begin PBXResourcesBuildPhase section */
		C4692628303883090067188C /* Resources */ = {
			isa = PBXResourcesBuildPhase;
			buildActionMask = 2147483647;
			files = (
			);
			runOnlyForDeploymentPostprocessing = 0;
		};
		C46926353038830A0067188C /* Resources */ = {
			isa = PBXResourcesBuildPhase;
			buildActionMask = 2147483647;
			files = (
			);
			runOnlyForDeploymentPostprocessing = 0;
		};
		C469263F3038830A0067188C /* Resources */ = {
			isa = PBXResourcesBuildPhase;
			buildActionMask = 2147483647;
			files = (
			);
			runOnlyForDeploymentPostprocessing = 0;
		};
		C49BE1D230396E11001745AC /* Resources */ = {
			isa = PBXResourcesBuildPhase;
			buildActionMask = 2147483647;
			files = (
			);
			runOnlyForDeploymentPostprocessing = 0;
		};
		C49BE1DE30396E17001745AC /* Resources */ = {
			isa = PBXResourcesBuildPhase;
			buildActionMask = 2147483647;
			files = (
			);
			runOnlyForDeploymentPostprocessing = 0;
		};
		C49BE1E830396E17001745AC /* Resources */ = {
			isa = PBXResourcesBuildPhase;
			buildActionMask = 2147483647;
			files = (
			);
			runOnlyForDeploymentPostprocessing = 0;
		};
		D0DA0000000000000000000A /* Resources */ = {
			isa = PBXResourcesBuildPhase;
			buildActionMask = 2147483647;
			files = (
			);
			runOnlyForDeploymentPostprocessing = 0;
		};
		D0DA0000000000000000001A /* Resources */ = {
			isa = PBXResourcesBuildPhase;
			buildActionMask = 2147483647;
			files = (
			);
			runOnlyForDeploymentPostprocessing = 0;
		};
		LA00000000000000000007 /* Resources */ = {
			isa = PBXResourcesBuildPhase;
			buildActionMask = 2147483647;
			files = (
			);
			runOnlyForDeploymentPostprocessing = 0;
		};
/* End PBXResourcesBuildPhase section */

/* Begin PBXSourcesBuildPhase section */
		C4692626303883090067188C /* Sources */ = {
			isa = PBXSourcesBuildPhase;
			buildActionMask = 2147483647;
			files = (
			);
			runOnlyForDeploymentPostprocessing = 0;
		};
		C46926333038830A0067188C /* Sources */ = {
			isa = PBXSourcesBuildPhase;
			buildActionMask = 2147483647;
			files = (
			);
			runOnlyForDeploymentPostprocessing = 0;
		};
		C469263D3038830A0067188C /* Sources */ = {
			isa = PBXSourcesBuildPhase;
			buildActionMask = 2147483647;
			files = (
			);
			runOnlyForDeploymentPostprocessing = 0;
		};
		C49BE1D030396E11001745AC /* Sources */ = {
			isa = PBXSourcesBuildPhase;
			buildActionMask = 2147483647;
			files = (
			);
			runOnlyForDeploymentPostprocessing = 0;
		};
		C49BE1DC30396E17001745AC /* Sources */ = {
			isa = PBXSourcesBuildPhase;
			buildActionMask = 2147483647;
			files = (
			);
			runOnlyForDeploymentPostprocessing = 0;
		};
		C49BE1E630396E17001745AC /* Sources */ = {
			isa = PBXSourcesBuildPhase;
			buildActionMask = 2147483647;
			files = (
			);
			runOnlyForDeploymentPostprocessing = 0;
		};
		D0DA00000000000000000008 /* Sources */ = {
			isa = PBXSourcesBuildPhase;
			buildActionMask = 2147483647;
			files = (
			);
			runOnlyForDeploymentPostprocessing = 0;
		};
		D0DA00000000000000000018 /* Sources */ = {
			isa = PBXSourcesBuildPhase;
			buildActionMask = 2147483647;
			files = (
			);
			runOnlyForDeploymentPostprocessing = 0;
		};
		LA00000000000000000005 /* Sources */ = {
			isa = PBXSourcesBuildPhase;
			buildActionMask = 2147483647;
			files = (
			);
			runOnlyForDeploymentPostprocessing = 0;
		};
/* End PBXSourcesBuildPhase section */

/* Begin PBXTargetDependency section */
		C46926393038830A0067188C /* PBXTargetDependency */ = {
			isa = PBXTargetDependency;
			target = C4692629303883090067188C /* SPAJAM2026App */;
			targetProxy = C46926383038830A0067188C /* PBXContainerItemProxy */;
		};
		C46926433038830A0067188C /* PBXTargetDependency */ = {
			isa = PBXTargetDependency;
			target = C4692629303883090067188C /* SPAJAM2026App */;
			targetProxy = C46926423038830A0067188C /* PBXContainerItemProxy */;
		};
		C49BE1E230396E17001745AC /* PBXTargetDependency */ = {
			isa = PBXTargetDependency;
			target = C49BE1D330396E11001745AC /* SPAJAM2026WatchApp Watch App */;
			targetProxy = C49BE1E130396E17001745AC /* PBXContainerItemProxy */;
		};
		C49BE1EC30396E17001745AC /* PBXTargetDependency */ = {
			isa = PBXTargetDependency;
			target = C49BE1D330396E11001745AC /* SPAJAM2026WatchApp Watch App */;
			targetProxy = C49BE1EB30396E17001745AC /* PBXContainerItemProxy */;
		};
		C49BE1F330396E17001745AC /* PBXTargetDependency */ = {
			isa = PBXTargetDependency;
			target = C49BE1D330396E11001745AC /* SPAJAM2026WatchApp Watch App */;
			targetProxy = C49BE1F230396E17001745AC /* PBXContainerItemProxy */;
		};
		D0DA0000000000000000000E /* PBXTargetDependency */ = {
			isa = PBXTargetDependency;
			target = D0DA00000000000000000001 /* SPAJAM2026Watch */;
			targetProxy = D0DA0000000000000000000D /* PBXContainerItemProxy */;
		};
		D0DA0000000000000000001E /* PBXTargetDependency */ = {
			isa = PBXTargetDependency;
			target = D0DA00000000000000000011 /* TripActivityWidget */;
			targetProxy = D0DA0000000000000000001D /* PBXContainerItemProxy */;
		};
		LA0000000000000000000C /* PBXTargetDependency */ = {
			isa = PBXTargetDependency;
			target = LA00000000000000000004 /* SPAJAM2026AppWidgets */;
			targetProxy = LA0000000000000000000B /* PBXContainerItemProxy */;
		};
/* End PBXTargetDependency section */

/* Begin XCBuildConfiguration section */
		C46926493038830A0067188C /* Debug */ = {
			isa = XCBuildConfiguration;
			buildSettings = {
				ALWAYS_SEARCH_USER_PATHS = NO;
				ASSETCATALOG_COMPILER_GENERATE_SWIFT_ASSET_SYMBOL_EXTENSIONS = YES;
				CLANG_ANALYZER_NONNULL = YES;
				CLANG_ANALYZER_NUMBER_OBJECT_CONVERSION = YES_AGGRESSIVE;
				CLANG_CXX_LANGUAGE_STANDARD = "gnu++20";
				CLANG_ENABLE_MODULES = YES;
				CLANG_ENABLE_OBJC_ARC = YES;
				CLANG_ENABLE_OBJC_WEAK = YES;
				CLANG_WARN_BLOCK_CAPTURE_AUTORELEASING = YES;
				CLANG_WARN_BOOL_CONVERSION = YES;
				CLANG_WARN_COMMA = YES;
				CLANG_WARN_CONSTANT_CONVERSION = YES;
				CLANG_WARN_DEPRECATED_OBJC_IMPLEMENTATIONS = YES;
				CLANG_WARN_DIRECT_OBJC_ISA_USAGE = YES_ERROR;
				CLANG_WARN_DOCUMENTATION_COMMENTS = YES;
				CLANG_WARN_EMPTY_BODY = YES;
				CLANG_WARN_ENUM_CONVERSION = YES;
				CLANG_WARN_INFINITE_RECURSION = YES;
				CLANG_WARN_INT_CONVERSION = YES;
				CLANG_WARN_NON_LITERAL_NULL_CONVERSION = YES;
				CLANG_WARN_OBJC_IMPLICIT_RETAIN_SELF = YES;
				CLANG_WARN_OBJC_LITERAL_CONVERSION = YES;
				CLANG_WARN_OBJC_ROOT_CLASS = YES_ERROR;
				CLANG_WARN_QUOTED_INCLUDE_IN_FRAMEWORK_HEADER = YES;
				CLANG_WARN_RANGE_LOOP_ANALYSIS = YES;
				CLANG_WARN_STRICT_PROTOTYPES = YES;
				CLANG_WARN_SUSPICIOUS_MOVE = YES;
				CLANG_WARN_UNGUARDED_AVAILABILITY = YES_AGGRESSIVE;
				CLANG_WARN_UNREACHABLE_CODE = YES;
				CLANG_WARN__DUPLICATE_METHOD_MATCH = YES;
				COPY_PHASE_STRIP = NO;
				DEBUG_INFORMATION_FORMAT = dwarf;
				DEVELOPMENT_TEAM = 8HUWJ2ZRK2;
				ENABLE_STRICT_OBJC_MSGSEND = YES;
				ENABLE_TESTABILITY = YES;
				ENABLE_USER_SCRIPT_SANDBOXING = YES;
				GCC_C_LANGUAGE_STANDARD = gnu17;
				GCC_DYNAMIC_NO_PIC = NO;
				GCC_NO_COMMON_BLOCKS = YES;
				GCC_OPTIMIZATION_LEVEL = 0;
				GCC_PREPROCESSOR_DEFINITIONS = (
					"DEBUG=1",
					"$(inherited)",
				);
				GCC_WARN_64_TO_32_BIT_CONVERSION = YES;
				GCC_WARN_ABOUT_RETURN_TYPE = YES_ERROR;
				GCC_WARN_UNDECLARED_SELECTOR = YES;
				GCC_WARN_UNINITIALIZED_AUTOS = YES_AGGRESSIVE;
				GCC_WARN_UNUSED_FUNCTION = YES;
				GCC_WARN_UNUSED_VARIABLE = YES;
				IPHONEOS_DEPLOYMENT_TARGET = 26.0;
				LOCALIZATION_PREFERS_STRING_CATALOGS = YES;
				MTL_ENABLE_DEBUG_INFO = INCLUDE_SOURCE;
				MTL_FAST_MATH = YES;
				ONLY_ACTIVE_ARCH = YES;
				SDKROOT = iphoneos;
				SWIFT_ACTIVE_COMPILATION_CONDITIONS = "DEBUG $(inherited)";
				SWIFT_OPTIMIZATION_LEVEL = "-Onone";
			};
			name = Debug;
		};
		C469264A3038830A0067188C /* Release */ = {
			isa = XCBuildConfiguration;
			buildSettings = {
				ALWAYS_SEARCH_USER_PATHS = NO;
				ASSETCATALOG_COMPILER_GENERATE_SWIFT_ASSET_SYMBOL_EXTENSIONS = YES;
				CLANG_ANALYZER_NONNULL = YES;
				CLANG_ANALYZER_NUMBER_OBJECT_CONVERSION = YES_AGGRESSIVE;
				CLANG_CXX_LANGUAGE_STANDARD = "gnu++20";
				CLANG_ENABLE_MODULES = YES;
				CLANG_ENABLE_OBJC_ARC = YES;
				CLANG_ENABLE_OBJC_WEAK = YES;
				CLANG_WARN_BLOCK_CAPTURE_AUTORELEASING = YES;
				CLANG_WARN_BOOL_CONVERSION = YES;
				CLANG_WARN_COMMA = YES;
				CLANG_WARN_CONSTANT_CONVERSION = YES;
				CLANG_WARN_DEPRECATED_OBJC_IMPLEMENTATIONS = YES;
				CLANG_WARN_DIRECT_OBJC_ISA_USAGE = YES_ERROR;
				CLANG_WARN_DOCUMENTATION_COMMENTS = YES;
				CLANG_WARN_EMPTY_BODY = YES;
				CLANG_WARN_ENUM_CONVERSION = YES;
				CLANG_WARN_INFINITE_RECURSION = YES;
				CLANG_WARN_INT_CONVERSION = YES;
				CLANG_WARN_NON_LITERAL_NULL_CONVERSION = YES;
				CLANG_WARN_OBJC_IMPLICIT_RETAIN_SELF = YES;
				CLANG_WARN_OBJC_LITERAL_CONVERSION = YES;
				CLANG_WARN_OBJC_ROOT_CLASS = YES_ERROR;
				CLANG_WARN_QUOTED_INCLUDE_IN_FRAMEWORK_HEADER = YES;
				CLANG_WARN_RANGE_LOOP_ANALYSIS = YES;
				CLANG_WARN_STRICT_PROTOTYPES = YES;
				CLANG_WARN_SUSPICIOUS_MOVE = YES;
				CLANG_WARN_UNGUARDED_AVAILABILITY = YES_AGGRESSIVE;
				CLANG_WARN_UNREACHABLE_CODE = YES;
				CLANG_WARN__DUPLICATE_METHOD_MATCH = YES;
				COPY_PHASE_STRIP = NO;
				DEBUG_INFORMATION_FORMAT = "dwarf-with-dsym";
				DEVELOPMENT_TEAM = 8HUWJ2ZRK2;
				ENABLE_NS_ASSERTIONS = NO;
				ENABLE_STRICT_OBJC_MSGSEND = YES;
				ENABLE_USER_SCRIPT_SANDBOXING = YES;
				GCC_C_LANGUAGE_STANDARD = gnu17;
				GCC_NO_COMMON_BLOCKS = YES;
				GCC_WARN_64_TO_32_BIT_CONVERSION = YES;
				GCC_WARN_ABOUT_RETURN_TYPE = YES_ERROR;
				GCC_WARN_UNDECLARED_SELECTOR = YES;
				GCC_WARN_UNINITIALIZED_AUTOS = YES_AGGRESSIVE;
				GCC_WARN_UNUSED_FUNCTION = YES;
				GCC_WARN_UNUSED_VARIABLE = YES;
				IPHONEOS_DEPLOYMENT_TARGET = 26.0;
				LOCALIZATION_PREFERS_STRING_CATALOGS = YES;
				MTL_ENABLE_DEBUG_INFO = NO;
				MTL_FAST_MATH = YES;
				SDKROOT = iphoneos;
				SWIFT_COMPILATION_MODE = wholemodule;
				VALIDATE_PRODUCT = YES;
			};
			name = Release;
		};
		C469264C3038830A0067188C /* Debug */ = {
			isa = XCBuildConfiguration;
			buildSettings = {
				ASSETCATALOG_COMPILER_APPICON_NAME = AppIcon;
				ASSETCATALOG_COMPILER_GLOBAL_ACCENT_COLOR_NAME = AccentColor;
				CODE_SIGN_ENTITLEMENTS = SPAJAM2026App/SPAJAM2026App.entitlements;
				CODE_SIGN_ENTITLEMENTS = SPAJAM2026App/SPAJAM2026App.entitlements;
				CODE_SIGN_STYLE = Automatic;
				CURRENT_PROJECT_VERSION = 1;
				DEVELOPMENT_TEAM = 8HUWJ2ZRK2;
				ENABLE_PREVIEWS = YES;
				GENERATE_INFOPLIST_FILE = YES;
				INFOPLIST_KEY_NSCameraUsageDescription = "ミッションの達成判定のために写真を撮影します";
				INFOPLIST_KEY_NSLocationWhenInUseUsageDescription = "目的地への到着判定のために現在地を使用します";
				INFOPLIST_KEY_NSSupportsLiveActivities = YES;
				INFOPLIST_FILE = SPAJAM2026App/Info.plist;
				INFOPLIST_KEY_NSHealthShareUsageDescription = "心拍数をリアルタイムに表示するために使用します。";
				INFOPLIST_KEY_NSLocationAlwaysAndWhenInUseUsageDescription = "現在地の地図を Live Activity にバックグラウンドで更新し続けるために使用します。";
				INFOPLIST_KEY_NSLocationWhenInUseUsageDescription = "現在地の地図を Live Activity に表示するために使用します。";
				INFOPLIST_KEY_NSSupportsLiveActivities = YES;
				INFOPLIST_KEY_NSSupportsLiveActivitiesFrequentUpdates = YES;
				INFOPLIST_KEY_UIApplicationSceneManifest_Generation = YES;
				INFOPLIST_KEY_UIApplicationSupportsIndirectInputEvents = YES;
				INFOPLIST_KEY_UILaunchScreen_Generation = YES;
				INFOPLIST_KEY_UISupportedInterfaceOrientations_iPad = "UIInterfaceOrientationPortrait UIInterfaceOrientationPortraitUpsideDown UIInterfaceOrientationLandscapeLeft UIInterfaceOrientationLandscapeRight";
				INFOPLIST_KEY_UISupportedInterfaceOrientations_iPhone = "UIInterfaceOrientationPortrait UIInterfaceOrientationLandscapeLeft UIInterfaceOrientationLandscapeRight";
				IPHONEOS_DEPLOYMENT_TARGET = 26.0;
				LD_RUNPATH_SEARCH_PATHS = (
					"$(inherited)",
					"@executable_path/Frameworks",
				);
				MARKETING_VERSION = 1.0;
				PRODUCT_BUNDLE_IDENTIFIER = app.kymmt.SPAJAM2026App;
				PRODUCT_NAME = "$(TARGET_NAME)";
				STRING_CATALOG_GENERATE_SYMBOLS = YES;
				SWIFT_APPROACHABLE_CONCURRENCY = YES;
				SWIFT_DEFAULT_ACTOR_ISOLATION = MainActor;
				SWIFT_EMIT_LOC_STRINGS = YES;
				SWIFT_UPCOMING_FEATURE_MEMBER_IMPORT_VISIBILITY = YES;
				SWIFT_VERSION = 5.0;
				TARGETED_DEVICE_FAMILY = "1,2";
			};
			name = Debug;
		};
		C469264D3038830A0067188C /* Release */ = {
			isa = XCBuildConfiguration;
			buildSettings = {
				ASSETCATALOG_COMPILER_APPICON_NAME = AppIcon;
				ASSETCATALOG_COMPILER_GLOBAL_ACCENT_COLOR_NAME = AccentColor;
				CODE_SIGN_ENTITLEMENTS = SPAJAM2026App/SPAJAM2026App.entitlements;
				CODE_SIGN_ENTITLEMENTS = SPAJAM2026App/SPAJAM2026App.entitlements;
				CODE_SIGN_STYLE = Automatic;
				CURRENT_PROJECT_VERSION = 1;
				DEVELOPMENT_TEAM = 8HUWJ2ZRK2;
				ENABLE_PREVIEWS = YES;
				GENERATE_INFOPLIST_FILE = YES;
				INFOPLIST_KEY_NSCameraUsageDescription = "ミッションの達成判定のために写真を撮影します";
				INFOPLIST_KEY_NSLocationWhenInUseUsageDescription = "目的地への到着判定のために現在地を使用します";
				INFOPLIST_KEY_NSSupportsLiveActivities = YES;
				INFOPLIST_FILE = SPAJAM2026App/Info.plist;
				INFOPLIST_KEY_NSHealthShareUsageDescription = "心拍数をリアルタイムに表示するために使用します。";
				INFOPLIST_KEY_NSLocationAlwaysAndWhenInUseUsageDescription = "現在地の地図を Live Activity にバックグラウンドで更新し続けるために使用します。";
				INFOPLIST_KEY_NSLocationWhenInUseUsageDescription = "現在地の地図を Live Activity に表示するために使用します。";
				INFOPLIST_KEY_NSSupportsLiveActivities = YES;
				INFOPLIST_KEY_NSSupportsLiveActivitiesFrequentUpdates = YES;
				INFOPLIST_KEY_UIApplicationSceneManifest_Generation = YES;
				INFOPLIST_KEY_UIApplicationSupportsIndirectInputEvents = YES;
				INFOPLIST_KEY_UILaunchScreen_Generation = YES;
				INFOPLIST_KEY_UISupportedInterfaceOrientations_iPad = "UIInterfaceOrientationPortrait UIInterfaceOrientationPortraitUpsideDown UIInterfaceOrientationLandscapeLeft UIInterfaceOrientationLandscapeRight";
				INFOPLIST_KEY_UISupportedInterfaceOrientations_iPhone = "UIInterfaceOrientationPortrait UIInterfaceOrientationLandscapeLeft UIInterfaceOrientationLandscapeRight";
				IPHONEOS_DEPLOYMENT_TARGET = 26.0;
				LD_RUNPATH_SEARCH_PATHS = (
					"$(inherited)",
					"@executable_path/Frameworks",
				);
				MARKETING_VERSION = 1.0;
				PRODUCT_BUNDLE_IDENTIFIER = app.kymmt.SPAJAM2026App;
				PRODUCT_NAME = "$(TARGET_NAME)";
				STRING_CATALOG_GENERATE_SYMBOLS = YES;
				SWIFT_APPROACHABLE_CONCURRENCY = YES;
				SWIFT_DEFAULT_ACTOR_ISOLATION = MainActor;
				SWIFT_EMIT_LOC_STRINGS = YES;
				SWIFT_UPCOMING_FEATURE_MEMBER_IMPORT_VISIBILITY = YES;
				SWIFT_VERSION = 5.0;
				TARGETED_DEVICE_FAMILY = "1,2";
			};
			name = Release;
		};
		C469264F3038830A0067188C /* Debug */ = {
			isa = XCBuildConfiguration;
			buildSettings = {
				BUNDLE_LOADER = "$(TEST_HOST)";
				CODE_SIGN_STYLE = Automatic;
				CURRENT_PROJECT_VERSION = 1;
				DEVELOPMENT_TEAM = 8HUWJ2ZRK2;
				GENERATE_INFOPLIST_FILE = YES;
				IPHONEOS_DEPLOYMENT_TARGET = 26.0;
				MARKETING_VERSION = 1.0;
				PRODUCT_BUNDLE_IDENTIFIER = app.kymmt.SPAJAM2026AppTests;
				PRODUCT_NAME = "$(TARGET_NAME)";
				STRING_CATALOG_GENERATE_SYMBOLS = NO;
				SWIFT_APPROACHABLE_CONCURRENCY = YES;
				SWIFT_EMIT_LOC_STRINGS = NO;
				SWIFT_UPCOMING_FEATURE_MEMBER_IMPORT_VISIBILITY = YES;
				SWIFT_VERSION = 5.0;
				TARGETED_DEVICE_FAMILY = "1,2";
				TEST_HOST = "$(BUILT_PRODUCTS_DIR)/SPAJAM2026App.app/$(BUNDLE_EXECUTABLE_FOLDER_PATH)/SPAJAM2026App";
			};
			name = Debug;
		};
		C46926503038830A0067188C /* Release */ = {
			isa = XCBuildConfiguration;
			buildSettings = {
				BUNDLE_LOADER = "$(TEST_HOST)";
				CODE_SIGN_STYLE = Automatic;
				CURRENT_PROJECT_VERSION = 1;
				DEVELOPMENT_TEAM = 8HUWJ2ZRK2;
				GENERATE_INFOPLIST_FILE = YES;
				IPHONEOS_DEPLOYMENT_TARGET = 26.0;
				MARKETING_VERSION = 1.0;
				PRODUCT_BUNDLE_IDENTIFIER = app.kymmt.SPAJAM2026AppTests;
				PRODUCT_NAME = "$(TARGET_NAME)";
				STRING_CATALOG_GENERATE_SYMBOLS = NO;
				SWIFT_APPROACHABLE_CONCURRENCY = YES;
				SWIFT_EMIT_LOC_STRINGS = NO;
				SWIFT_UPCOMING_FEATURE_MEMBER_IMPORT_VISIBILITY = YES;
				SWIFT_VERSION = 5.0;
				TARGETED_DEVICE_FAMILY = "1,2";
				TEST_HOST = "$(BUILT_PRODUCTS_DIR)/SPAJAM2026App.app/$(BUNDLE_EXECUTABLE_FOLDER_PATH)/SPAJAM2026App";
			};
			name = Release;
		};
		C46926523038830A0067188C /* Debug */ = {
			isa = XCBuildConfiguration;
			buildSettings = {
				CODE_SIGN_STYLE = Automatic;
				CURRENT_PROJECT_VERSION = 1;
				DEVELOPMENT_TEAM = 8HUWJ2ZRK2;
				GENERATE_INFOPLIST_FILE = YES;
				IPHONEOS_DEPLOYMENT_TARGET = 26.0;
				MARKETING_VERSION = 1.0;
				PRODUCT_BUNDLE_IDENTIFIER = app.kymmt.SPAJAM2026AppUITests;
				PRODUCT_NAME = "$(TARGET_NAME)";
				STRING_CATALOG_GENERATE_SYMBOLS = NO;
				SWIFT_APPROACHABLE_CONCURRENCY = YES;
				SWIFT_EMIT_LOC_STRINGS = NO;
				SWIFT_UPCOMING_FEATURE_MEMBER_IMPORT_VISIBILITY = YES;
				SWIFT_VERSION = 5.0;
				TARGETED_DEVICE_FAMILY = "1,2";
				TEST_TARGET_NAME = SPAJAM2026App;
			};
			name = Debug;
		};
		C46926533038830A0067188C /* Release */ = {
			isa = XCBuildConfiguration;
			buildSettings = {
				CODE_SIGN_STYLE = Automatic;
				CURRENT_PROJECT_VERSION = 1;
				DEVELOPMENT_TEAM = 8HUWJ2ZRK2;
				GENERATE_INFOPLIST_FILE = YES;
				IPHONEOS_DEPLOYMENT_TARGET = 26.0;
				MARKETING_VERSION = 1.0;
				PRODUCT_BUNDLE_IDENTIFIER = app.kymmt.SPAJAM2026AppUITests;
				PRODUCT_NAME = "$(TARGET_NAME)";
				STRING_CATALOG_GENERATE_SYMBOLS = NO;
				SWIFT_APPROACHABLE_CONCURRENCY = YES;
				SWIFT_EMIT_LOC_STRINGS = NO;
				SWIFT_UPCOMING_FEATURE_MEMBER_IMPORT_VISIBILITY = YES;
				SWIFT_VERSION = 5.0;
				TARGETED_DEVICE_FAMILY = "1,2";
				TEST_TARGET_NAME = SPAJAM2026App;
			};
			name = Release;
		};
		C49BE1F630396E17001745AC /* Debug */ = {
			isa = XCBuildConfiguration;
			buildSettings = {
				ASSETCATALOG_COMPILER_APPICON_NAME = AppIcon;
				ASSETCATALOG_COMPILER_GLOBAL_ACCENT_COLOR_NAME = AccentColor;
				CODE_SIGN_ENTITLEMENTS = "SPAJAM2026WatchApp Watch App/SPAJAM2026WatchApp Watch App.entitlements";
				CODE_SIGN_STYLE = Automatic;
				CURRENT_PROJECT_VERSION = 1;
				DEVELOPMENT_TEAM = 8HUWJ2ZRK2;
				ENABLE_PREVIEWS = YES;
				GENERATE_INFOPLIST_FILE = YES;
				INFOPLIST_FILE = "SPAJAM2026WatchApp Watch App/Info.plist";
				INFOPLIST_KEY_CFBundleDisplayName = SPAJAM2026WatchApp;
				INFOPLIST_KEY_NSHealthShareUsageDescription = "心拍数を計測して iPhone に送信するために使用します。";
				INFOPLIST_KEY_NSHealthUpdateUsageDescription = "心拍計測用のワークアウトセッションを開始するために使用します。";
				INFOPLIST_KEY_UISupportedInterfaceOrientations = "UIInterfaceOrientationPortrait UIInterfaceOrientationPortraitUpsideDown";
				INFOPLIST_KEY_WKCompanionAppBundleIdentifier = app.kymmt.SPAJAM2026App;
				LD_RUNPATH_SEARCH_PATHS = (
					"$(inherited)",
					"@executable_path/Frameworks",
				);
				MARKETING_VERSION = 1.0;
				PRODUCT_BUNDLE_IDENTIFIER = app.kymmt.SPAJAM2026App.watchkitapp;
				PRODUCT_NAME = "$(TARGET_NAME)";
				SDKROOT = watchos;
				SKIP_INSTALL = YES;
				STRING_CATALOG_GENERATE_SYMBOLS = YES;
				SWIFT_APPROACHABLE_CONCURRENCY = YES;
				SWIFT_DEFAULT_ACTOR_ISOLATION = MainActor;
				SWIFT_EMIT_LOC_STRINGS = YES;
				SWIFT_UPCOMING_FEATURE_MEMBER_IMPORT_VISIBILITY = YES;
				SWIFT_VERSION = 5.0;
				TARGETED_DEVICE_FAMILY = 4;
				WATCHOS_DEPLOYMENT_TARGET = 26.5;
			};
			name = Debug;
		};
		C49BE1F730396E17001745AC /* Release */ = {
			isa = XCBuildConfiguration;
			buildSettings = {
				ASSETCATALOG_COMPILER_APPICON_NAME = AppIcon;
				ASSETCATALOG_COMPILER_GLOBAL_ACCENT_COLOR_NAME = AccentColor;
				CODE_SIGN_ENTITLEMENTS = "SPAJAM2026WatchApp Watch App/SPAJAM2026WatchApp Watch App.entitlements";
				CODE_SIGN_STYLE = Automatic;
				CURRENT_PROJECT_VERSION = 1;
				DEVELOPMENT_TEAM = 8HUWJ2ZRK2;
				ENABLE_PREVIEWS = YES;
				GENERATE_INFOPLIST_FILE = YES;
				INFOPLIST_FILE = "SPAJAM2026WatchApp Watch App/Info.plist";
				INFOPLIST_KEY_CFBundleDisplayName = SPAJAM2026WatchApp;
				INFOPLIST_KEY_NSHealthShareUsageDescription = "心拍数を計測して iPhone に送信するために使用します。";
				INFOPLIST_KEY_NSHealthUpdateUsageDescription = "心拍計測用のワークアウトセッションを開始するために使用します。";
				INFOPLIST_KEY_UISupportedInterfaceOrientations = "UIInterfaceOrientationPortrait UIInterfaceOrientationPortraitUpsideDown";
				INFOPLIST_KEY_WKCompanionAppBundleIdentifier = app.kymmt.SPAJAM2026App;
				LD_RUNPATH_SEARCH_PATHS = (
					"$(inherited)",
					"@executable_path/Frameworks",
				);
				MARKETING_VERSION = 1.0;
				PRODUCT_BUNDLE_IDENTIFIER = app.kymmt.SPAJAM2026App.watchkitapp;
				PRODUCT_NAME = "$(TARGET_NAME)";
				SDKROOT = watchos;
				SKIP_INSTALL = YES;
				STRING_CATALOG_GENERATE_SYMBOLS = YES;
				SWIFT_APPROACHABLE_CONCURRENCY = YES;
				SWIFT_DEFAULT_ACTOR_ISOLATION = MainActor;
				SWIFT_EMIT_LOC_STRINGS = YES;
				SWIFT_UPCOMING_FEATURE_MEMBER_IMPORT_VISIBILITY = YES;
				SWIFT_VERSION = 5.0;
				TARGETED_DEVICE_FAMILY = 4;
				WATCHOS_DEPLOYMENT_TARGET = 26.5;
			};
			name = Release;
		};
		C49BE1F830396E17001745AC /* Debug */ = {
			isa = XCBuildConfiguration;
			buildSettings = {
				BUNDLE_LOADER = "$(TEST_HOST)";
				CODE_SIGN_STYLE = Automatic;
				CURRENT_PROJECT_VERSION = 1;
				DEVELOPMENT_TEAM = 8HUWJ2ZRK2;
				GENERATE_INFOPLIST_FILE = YES;
				MARKETING_VERSION = 1.0;
				PRODUCT_BUNDLE_IDENTIFIER = "app.kymmt.SPAJAM2026WatchApp-Watch-AppTests";
				PRODUCT_NAME = "$(TARGET_NAME)";
				SDKROOT = watchos;
				STRING_CATALOG_GENERATE_SYMBOLS = NO;
				SWIFT_APPROACHABLE_CONCURRENCY = YES;
				SWIFT_EMIT_LOC_STRINGS = NO;
				SWIFT_UPCOMING_FEATURE_MEMBER_IMPORT_VISIBILITY = YES;
				SWIFT_VERSION = 5.0;
				TARGETED_DEVICE_FAMILY = 4;
				TEST_HOST = "$(BUILT_PRODUCTS_DIR)/SPAJAM2026WatchApp Watch App.app/$(BUNDLE_EXECUTABLE_FOLDER_PATH)/SPAJAM2026WatchApp Watch App";
				WATCHOS_DEPLOYMENT_TARGET = 26.5;
			};
			name = Debug;
		};
		C49BE1F930396E17001745AC /* Release */ = {
			isa = XCBuildConfiguration;
			buildSettings = {
				BUNDLE_LOADER = "$(TEST_HOST)";
				CODE_SIGN_STYLE = Automatic;
				CURRENT_PROJECT_VERSION = 1;
				DEVELOPMENT_TEAM = 8HUWJ2ZRK2;
				GENERATE_INFOPLIST_FILE = YES;
				MARKETING_VERSION = 1.0;
				PRODUCT_BUNDLE_IDENTIFIER = "app.kymmt.SPAJAM2026WatchApp-Watch-AppTests";
				PRODUCT_NAME = "$(TARGET_NAME)";
				SDKROOT = watchos;
				STRING_CATALOG_GENERATE_SYMBOLS = NO;
				SWIFT_APPROACHABLE_CONCURRENCY = YES;
				SWIFT_EMIT_LOC_STRINGS = NO;
				SWIFT_UPCOMING_FEATURE_MEMBER_IMPORT_VISIBILITY = YES;
				SWIFT_VERSION = 5.0;
				TARGETED_DEVICE_FAMILY = 4;
				TEST_HOST = "$(BUILT_PRODUCTS_DIR)/SPAJAM2026WatchApp Watch App.app/$(BUNDLE_EXECUTABLE_FOLDER_PATH)/SPAJAM2026WatchApp Watch App";
				WATCHOS_DEPLOYMENT_TARGET = 26.5;
			};
			name = Release;
		};
		C49BE1FA30396E17001745AC /* Debug */ = {
			isa = XCBuildConfiguration;
			buildSettings = {
				CODE_SIGN_STYLE = Automatic;
				CURRENT_PROJECT_VERSION = 1;
				DEVELOPMENT_TEAM = 8HUWJ2ZRK2;
				GENERATE_INFOPLIST_FILE = YES;
				MARKETING_VERSION = 1.0;
				PRODUCT_BUNDLE_IDENTIFIER = "app.kymmt.SPAJAM2026WatchApp-Watch-AppUITests";
				PRODUCT_NAME = "$(TARGET_NAME)";
				SDKROOT = watchos;
				STRING_CATALOG_GENERATE_SYMBOLS = NO;
				SWIFT_APPROACHABLE_CONCURRENCY = YES;
				SWIFT_EMIT_LOC_STRINGS = NO;
				SWIFT_UPCOMING_FEATURE_MEMBER_IMPORT_VISIBILITY = YES;
				SWIFT_VERSION = 5.0;
				TARGETED_DEVICE_FAMILY = 4;
				TEST_TARGET_NAME = "SPAJAM2026WatchApp Watch App";
				WATCHOS_DEPLOYMENT_TARGET = 26.5;
			};
			name = Debug;
		};
		C49BE1FB30396E17001745AC /* Release */ = {
			isa = XCBuildConfiguration;
			buildSettings = {
				CODE_SIGN_STYLE = Automatic;
				CURRENT_PROJECT_VERSION = 1;
				DEVELOPMENT_TEAM = 8HUWJ2ZRK2;
				GENERATE_INFOPLIST_FILE = YES;
				MARKETING_VERSION = 1.0;
				PRODUCT_BUNDLE_IDENTIFIER = "app.kymmt.SPAJAM2026WatchApp-Watch-AppUITests";
				PRODUCT_NAME = "$(TARGET_NAME)";
				SDKROOT = watchos;
				STRING_CATALOG_GENERATE_SYMBOLS = NO;
				SWIFT_APPROACHABLE_CONCURRENCY = YES;
				SWIFT_EMIT_LOC_STRINGS = NO;
				SWIFT_UPCOMING_FEATURE_MEMBER_IMPORT_VISIBILITY = YES;
				SWIFT_VERSION = 5.0;
				TARGETED_DEVICE_FAMILY = 4;
				TEST_TARGET_NAME = "SPAJAM2026WatchApp Watch App";
				WATCHOS_DEPLOYMENT_TARGET = 26.5;
			};
			name = Release;
		};
		D0DA00000000000000000006 /* Debug */ = {
			isa = XCBuildConfiguration;
			buildSettings = {
				ASSETCATALOG_COMPILER_APPICON_NAME = AppIcon;
				ASSETCATALOG_COMPILER_GLOBAL_ACCENT_COLOR_NAME = AccentColor;
				CODE_SIGN_ENTITLEMENTS = SPAJAM2026Watch/SPAJAM2026Watch.entitlements;
				CODE_SIGN_STYLE = Automatic;
				CURRENT_PROJECT_VERSION = 1;
				DEVELOPMENT_TEAM = 8HUWJ2ZRK2;
				ENABLE_PREVIEWS = YES;
				GENERATE_INFOPLIST_FILE = YES;
				INFOPLIST_FILE = SPAJAM2026Watch/Info.plist;
				INFOPLIST_KEY_CFBundleDisplayName = SPAJAM2026;
				INFOPLIST_KEY_UISupportedInterfaceOrientations = "UIInterfaceOrientationPortrait UIInterfaceOrientationPortraitUpsideDown";
				INFOPLIST_KEY_WKCompanionAppBundleIdentifier = app.kymmt.SPAJAM2026App;
				LD_RUNPATH_SEARCH_PATHS = (
					"$(inherited)",
					"@executable_path/Frameworks",
				);
				MARKETING_VERSION = 1.0;
				PRODUCT_BUNDLE_IDENTIFIER = app.kymmt.SPAJAM2026App.watchkitapp;
				PRODUCT_NAME = "$(TARGET_NAME)";
				SDKROOT = watchos;
				SKIP_INSTALL = YES;
				STRING_CATALOG_GENERATE_SYMBOLS = YES;
				SWIFT_APPROACHABLE_CONCURRENCY = YES;
				SWIFT_DEFAULT_ACTOR_ISOLATION = MainActor;
				SWIFT_EMIT_LOC_STRINGS = YES;
				SWIFT_UPCOMING_FEATURE_MEMBER_IMPORT_VISIBILITY = YES;
				SWIFT_VERSION = 5.0;
				TARGETED_DEVICE_FAMILY = 4;
				WATCHOS_DEPLOYMENT_TARGET = 26.0;
			};
			name = Debug;
		};
		D0DA00000000000000000007 /* Release */ = {
			isa = XCBuildConfiguration;
			buildSettings = {
				ASSETCATALOG_COMPILER_APPICON_NAME = AppIcon;
				ASSETCATALOG_COMPILER_GLOBAL_ACCENT_COLOR_NAME = AccentColor;
				CODE_SIGN_ENTITLEMENTS = SPAJAM2026Watch/SPAJAM2026Watch.entitlements;
				CODE_SIGN_STYLE = Automatic;
				CURRENT_PROJECT_VERSION = 1;
				DEVELOPMENT_TEAM = 8HUWJ2ZRK2;
				ENABLE_PREVIEWS = YES;
				GENERATE_INFOPLIST_FILE = YES;
				INFOPLIST_FILE = SPAJAM2026Watch/Info.plist;
				INFOPLIST_KEY_CFBundleDisplayName = SPAJAM2026;
				INFOPLIST_KEY_UISupportedInterfaceOrientations = "UIInterfaceOrientationPortrait UIInterfaceOrientationPortraitUpsideDown";
				INFOPLIST_KEY_WKCompanionAppBundleIdentifier = app.kymmt.SPAJAM2026App;
				LD_RUNPATH_SEARCH_PATHS = (
					"$(inherited)",
					"@executable_path/Frameworks",
				);
				MARKETING_VERSION = 1.0;
				PRODUCT_BUNDLE_IDENTIFIER = app.kymmt.SPAJAM2026App.watchkitapp;
				PRODUCT_NAME = "$(TARGET_NAME)";
				SDKROOT = watchos;
				SKIP_INSTALL = YES;
				STRING_CATALOG_GENERATE_SYMBOLS = YES;
				SWIFT_APPROACHABLE_CONCURRENCY = YES;
				SWIFT_DEFAULT_ACTOR_ISOLATION = MainActor;
				SWIFT_EMIT_LOC_STRINGS = YES;
				SWIFT_UPCOMING_FEATURE_MEMBER_IMPORT_VISIBILITY = YES;
				SWIFT_VERSION = 5.0;
				TARGETED_DEVICE_FAMILY = 4;
				WATCHOS_DEPLOYMENT_TARGET = 26.0;
			};
			name = Release;
		};
		D0DA00000000000000000016 /* Debug */ = {
			isa = XCBuildConfiguration;
			buildSettings = {
				CODE_SIGN_STYLE = Automatic;
				CURRENT_PROJECT_VERSION = 1;
				DEVELOPMENT_TEAM = 8HUWJ2ZRK2;
				GENERATE_INFOPLIST_FILE = YES;
				INFOPLIST_FILE = TripActivityWidget/Info.plist;
				INFOPLIST_KEY_CFBundleDisplayName = TripActivityWidget;
				IPHONEOS_DEPLOYMENT_TARGET = 26.0;
				LD_RUNPATH_SEARCH_PATHS = (
					"$(inherited)",
					"@executable_path/Frameworks",
					"@executable_path/../../Frameworks",
				);
				MARKETING_VERSION = 1.0;
				PRODUCT_BUNDLE_IDENTIFIER = app.kymmt.SPAJAM2026App.TripActivityWidget;
				PRODUCT_NAME = "$(TARGET_NAME)";
				SKIP_INSTALL = YES;
				STRING_CATALOG_GENERATE_SYMBOLS = YES;
				SWIFT_APPROACHABLE_CONCURRENCY = YES;
				SWIFT_DEFAULT_ACTOR_ISOLATION = MainActor;
				SWIFT_EMIT_LOC_STRINGS = YES;
				SWIFT_UPCOMING_FEATURE_MEMBER_IMPORT_VISIBILITY = YES;
				SWIFT_VERSION = 5.0;
				TARGETED_DEVICE_FAMILY = "1,2";
			};
			name = Debug;
		};
		D0DA00000000000000000017 /* Release */ = {
			isa = XCBuildConfiguration;
			buildSettings = {
				CODE_SIGN_STYLE = Automatic;
				CURRENT_PROJECT_VERSION = 1;
				DEVELOPMENT_TEAM = 8HUWJ2ZRK2;
				GENERATE_INFOPLIST_FILE = YES;
				INFOPLIST_FILE = TripActivityWidget/Info.plist;
				INFOPLIST_KEY_CFBundleDisplayName = TripActivityWidget;
				IPHONEOS_DEPLOYMENT_TARGET = 26.0;
				LD_RUNPATH_SEARCH_PATHS = (
					"$(inherited)",
					"@executable_path/Frameworks",
					"@executable_path/../../Frameworks",
				);
				MARKETING_VERSION = 1.0;
				PRODUCT_BUNDLE_IDENTIFIER = app.kymmt.SPAJAM2026App.TripActivityWidget;
				PRODUCT_NAME = "$(TARGET_NAME)";
				SKIP_INSTALL = YES;
				STRING_CATALOG_GENERATE_SYMBOLS = YES;
				SWIFT_APPROACHABLE_CONCURRENCY = YES;
				SWIFT_DEFAULT_ACTOR_ISOLATION = MainActor;
				SWIFT_EMIT_LOC_STRINGS = YES;
				SWIFT_UPCOMING_FEATURE_MEMBER_IMPORT_VISIBILITY = YES;
				SWIFT_VERSION = 5.0;
				TARGETED_DEVICE_FAMILY = "1,2";
			};
			name = Release;
		};
		LA00000000000000000009 /* Debug */ = {
			isa = XCBuildConfiguration;
			buildSettings = {
				CODE_SIGN_ENTITLEMENTS = SPAJAM2026AppWidgets/SPAJAM2026AppWidgets.entitlements;
				CODE_SIGN_STYLE = Automatic;
				CURRENT_PROJECT_VERSION = 1;
				DEVELOPMENT_TEAM = 8HUWJ2ZRK2;
				GENERATE_INFOPLIST_FILE = YES;
				INFOPLIST_FILE = SPAJAM2026AppWidgets/Info.plist;
				INFOPLIST_KEY_CFBundleDisplayName = SPAJAM2026AppWidgets;
				INFOPLIST_KEY_NSHumanReadableCopyright = "";
				IPHONEOS_DEPLOYMENT_TARGET = 26.0;
				LD_RUNPATH_SEARCH_PATHS = (
					"$(inherited)",
					"@executable_path/Frameworks",
					"@executable_path/../../Frameworks",
				);
				MARKETING_VERSION = 1.0;
				PRODUCT_BUNDLE_IDENTIFIER = app.kymmt.SPAJAM2026App.SPAJAM2026AppWidgets;
				PRODUCT_NAME = "$(TARGET_NAME)";
				SKIP_INSTALL = YES;
				STRING_CATALOG_GENERATE_SYMBOLS = YES;
				SWIFT_APPROACHABLE_CONCURRENCY = YES;
				SWIFT_DEFAULT_ACTOR_ISOLATION = MainActor;
				SWIFT_EMIT_LOC_STRINGS = YES;
				SWIFT_UPCOMING_FEATURE_MEMBER_IMPORT_VISIBILITY = YES;
				SWIFT_VERSION = 5.0;
				TARGETED_DEVICE_FAMILY = "1,2";
			};
			name = Debug;
		};
		LA0000000000000000000A /* Release */ = {
			isa = XCBuildConfiguration;
			buildSettings = {
				CODE_SIGN_ENTITLEMENTS = SPAJAM2026AppWidgets/SPAJAM2026AppWidgets.entitlements;
				CODE_SIGN_STYLE = Automatic;
				CURRENT_PROJECT_VERSION = 1;
				DEVELOPMENT_TEAM = 8HUWJ2ZRK2;
				GENERATE_INFOPLIST_FILE = YES;
				INFOPLIST_FILE = SPAJAM2026AppWidgets/Info.plist;
				INFOPLIST_KEY_CFBundleDisplayName = SPAJAM2026AppWidgets;
				INFOPLIST_KEY_NSHumanReadableCopyright = "";
				IPHONEOS_DEPLOYMENT_TARGET = 26.0;
				LD_RUNPATH_SEARCH_PATHS = (
					"$(inherited)",
					"@executable_path/Frameworks",
					"@executable_path/../../Frameworks",
				);
				MARKETING_VERSION = 1.0;
				PRODUCT_BUNDLE_IDENTIFIER = app.kymmt.SPAJAM2026App.SPAJAM2026AppWidgets;
				PRODUCT_NAME = "$(TARGET_NAME)";
				SKIP_INSTALL = YES;
				STRING_CATALOG_GENERATE_SYMBOLS = YES;
				SWIFT_APPROACHABLE_CONCURRENCY = YES;
				SWIFT_DEFAULT_ACTOR_ISOLATION = MainActor;
				SWIFT_EMIT_LOC_STRINGS = YES;
				SWIFT_UPCOMING_FEATURE_MEMBER_IMPORT_VISIBILITY = YES;
				SWIFT_VERSION = 5.0;
				TARGETED_DEVICE_FAMILY = "1,2";
			};
			name = Release;
		};
/* End XCBuildConfiguration section */

/* Begin XCConfigurationList section */
		C4692625303883090067188C /* Build configuration list for PBXProject "SPAJAM2026App" */ = {
			isa = XCConfigurationList;
			buildConfigurations = (
				C46926493038830A0067188C /* Debug */,
				C469264A3038830A0067188C /* Release */,
			);
			defaultConfigurationIsVisible = 0;
			defaultConfigurationName = Release;
		};
		C469264B3038830A0067188C /* Build configuration list for PBXNativeTarget "SPAJAM2026App" */ = {
			isa = XCConfigurationList;
			buildConfigurations = (
				C469264C3038830A0067188C /* Debug */,
				C469264D3038830A0067188C /* Release */,
			);
			defaultConfigurationIsVisible = 0;
			defaultConfigurationName = Release;
		};
		C469264E3038830A0067188C /* Build configuration list for PBXNativeTarget "SPAJAM2026AppTests" */ = {
			isa = XCConfigurationList;
			buildConfigurations = (
				C469264F3038830A0067188C /* Debug */,
				C46926503038830A0067188C /* Release */,
			);
			defaultConfigurationIsVisible = 0;
			defaultConfigurationName = Release;
		};
		C46926513038830A0067188C /* Build configuration list for PBXNativeTarget "SPAJAM2026AppUITests" */ = {
			isa = XCConfigurationList;
			buildConfigurations = (
				C46926523038830A0067188C /* Debug */,
				C46926533038830A0067188C /* Release */,
			);
			defaultConfigurationIsVisible = 0;
			defaultConfigurationName = Release;
		};
		C49BE1FC30396E17001745AC /* Build configuration list for PBXNativeTarget "SPAJAM2026WatchApp Watch App" */ = {
			isa = XCConfigurationList;
			buildConfigurations = (
				C49BE1F630396E17001745AC /* Debug */,
				C49BE1F730396E17001745AC /* Release */,
			);
			defaultConfigurationIsVisible = 0;
			defaultConfigurationName = Release;
		};
		C49BE1FD30396E17001745AC /* Build configuration list for PBXNativeTarget "SPAJAM2026WatchApp Watch AppTests" */ = {
			isa = XCConfigurationList;
			buildConfigurations = (
				C49BE1F830396E17001745AC /* Debug */,
				C49BE1F930396E17001745AC /* Release */,
			);
			defaultConfigurationIsVisible = 0;
			defaultConfigurationName = Release;
		};
		C49BE1FE30396E17001745AC /* Build configuration list for PBXNativeTarget "SPAJAM2026WatchApp Watch AppUITests" */ = {
			isa = XCConfigurationList;
			buildConfigurations = (
				C49BE1FA30396E17001745AC /* Debug */,
				C49BE1FB30396E17001745AC /* Release */,
			);
			defaultConfigurationIsVisible = 0;
			defaultConfigurationName = Release;
		};
		D0DA00000000000000000005 /* Build configuration list for PBXNativeTarget "SPAJAM2026Watch" */ = {
			isa = XCConfigurationList;
			buildConfigurations = (
				D0DA00000000000000000006 /* Debug */,
				D0DA00000000000000000007 /* Release */,
			);
			defaultConfigurationIsVisible = 0;
			defaultConfigurationName = Release;
		};
		D0DA00000000000000000015 /* Build configuration list for PBXNativeTarget "TripActivityWidget" */ = {
			isa = XCConfigurationList;
			buildConfigurations = (
				D0DA00000000000000000016 /* Debug */,
				D0DA00000000000000000017 /* Release */,
			);
			defaultConfigurationIsVisible = 0;
			defaultConfigurationName = Release;
		};
		LA00000000000000000008 /* Build configuration list for PBXNativeTarget "SPAJAM2026AppWidgets" */ = {
			isa = XCConfigurationList;
			buildConfigurations = (
				LA00000000000000000009 /* Debug */,
				LA0000000000000000000A /* Release */,
			);
			defaultConfigurationIsVisible = 0;
			defaultConfigurationName = Release;
		};
/* End XCConfigurationList section */
	};
	rootObject = C4692622303883090067188C /* Project object */;
}
